
Microsoft Visual Studio Solution File, Format Version 12.00
# Visual Studio Version 17
VisualStudioVersion = 17.6.33829.357
MinimumVisualStudioVersion = 10.0.40219.1
Project("{FAE04EC0-301F-11D3-BF4B-00C04F79EFBC}") = "13.Extract_Specific_Files_from_Zip_Archive", "13.Extract_Specific_Files_from_Zip_Archive\13.Extract_Specific_Files_from_Zip_Archive.csproj", "{3060FF34-4BFE-4A06-A449-522BCBE2C0A8}"
EndProject
Global
	GlobalSection(SolutionConfigurationPlatforms) = preSolution
		Debug|Any CPU = Debug|Any CPU
		Release|Any CPU = Release|Any CPU
	EndGlobalSection
	GlobalSection(ProjectConfigurationPlatforms) = postSolution
		{3060FF34-4BFE-4A06-A449-522BCBE2C0A8}.Debug|Any CPU.ActiveCfg = Debug|Any CPU
		{3060FF34-4BFE-4A06-A449-522BCBE2C0A8}.Debug|Any CPU.Build.0 = Debug|Any CPU
		{3060FF34-4BFE-4A06-A449-522BCBE2C0A8}.Release|Any CPU.ActiveCfg = Release|Any CPU
		{3060FF34-4BFE-4A06-A449-522BCBE2C0A8}.Release|Any CPU.Build.0 = Release|Any CPU
	EndGlobalSection
	GlobalSection(SolutionProperties) = preSolution
		HideSolutionNode = FALSE
	EndGlobalSection
	GlobalSection(ExtensibilityGlobals) = postSolution
		SolutionGuid = {FB400502-B849-4D5D-92B6-3E4361708E9B}
	EndGlobalSection
EndGlobal
